// !$*UTF8*$!
{
	archiveVersion = 1;
	classes = {
	};
	objectVersion = 45;
	objects = {

/* Begin PBXBuildFile section */
		1D3623260D0F684500981E51 /* EBAppDelegate.m in Sources */ = {isa = PBXBuildFile; fileRef = 1D3623250D0F684500981E51 /* EBAppDelegate.m */; };
		1D60589B0D05DD56006BFB54 /* main.m in Sources */ = {isa = PBXBuildFile; fileRef = 29B97316FDCFA39411CA2CEA /* main.m */; };
		1D60589F0D05DD5A006BFB54 /* Foundation.framework in Frameworks */ = {isa = PBXBuildFile; fileRef = 1D30AB110D05D00D00671497 /* Foundation.framework */; };
		1DF5F4E00D08C38300B7A737 /* UIKit.framework in Frameworks */ = {isa = PBXBuildFile; fileRef = 1DF5F4DF0D08C38300B7A737 /* UIKit.framework */; };
		222A4F961256000400CD8B0D /* JEUser.m in Sources */ = {isa = PBXBuildFile; fileRef = 222A4F951256000400CD8B0D /* JEUser.m */; };
		22382362125839040000D21F /* Localizable.strings in Resources */ = {isa = PBXBuildFile; fileRef = 22382360125839040000D21F /* Localizable.strings */; };
		2247632D1253A1F600FDF745 /* NSData+Base64.m in Sources */ = {isa = PBXBuildFile; fileRef = 2247632B1253A1F600FDF745 /* NSData+Base64.m */; };
		22FC975112587B7B00C4E836 /* favorite.png in Resources */ = {isa = PBXBuildFile; fileRef = 22FC974D12587B7B00C4E836 /* favorite.png */; };
		22FC975212587B7B00C4E836 /* messages.png in Resources */ = {isa = PBXBuildFile; fileRef = 22FC974E12587B7B00C4E836 /* messages.png */; };
		22FC975312587B7B00C4E836 /* news.png in Resources */ = {isa = PBXBuildFile; fileRef = 22FC974F12587B7B00C4E836 /* news.png */; };
		22FC975412587B7B00C4E836 /* twitter.png in Resources */ = {isa = PBXBuildFile; fileRef = 22FC975012587B7B00C4E836 /* twitter.png */; };
		2892E4100DC94CBA00A64D0F /* CoreGraphics.framework in Frameworks */ = {isa = PBXBuildFile; fileRef = 2892E40F0DC94CBA00A64D0F /* CoreGraphics.framework */; };
		D4381AAB11E107100062FE45 /* EBLoginViewController.m in Sources */ = {isa = PBXBuildFile; fileRef = D4381AAA11E107100062FE45 /* EBLoginViewController.m */; };
		D4381B2D11E10F170062FE45 /* ZBAlert.m in Sources */ = {isa = PBXBuildFile; fileRef = D4381B2C11E10F170062FE45 /* ZBAlert.m */; };
		D44E7EB81211C10C001B9DBC /* EBTimelineViewController.m in Sources */ = {isa = PBXBuildFile; fileRef = D44E7EB71211C10C001B9DBC /* EBTimelineViewController.m */; };
		D44E7EC71211C14D001B9DBC /* EBTimelineItem.m in Sources */ = {isa = PBXBuildFile; fileRef = D44E7EC61211C14D001B9DBC /* EBTimelineItem.m */; };
		D44E7F061211C49C001B9DBC /* EBTimelineCell.m in Sources */ = {isa = PBXBuildFile; fileRef = D44E7F051211C49C001B9DBC /* EBTimelineCell.m */; };
		D44E7F661211CD41001B9DBC /* EBTimelineDataSource.m in Sources */ = {isa = PBXBuildFile; fileRef = D44E7F651211CD41001B9DBC /* EBTimelineDataSource.m */; };
		D44E7F7E1211D1C7001B9DBC /* EBTimelineModel.m in Sources */ = {isa = PBXBuildFile; fileRef = D44E7F7D1211D1C7001B9DBC /* EBTimelineModel.m */; };
		D44E85F61212624B001B9DBC /* EBTabbarController.m in Sources */ = {isa = PBXBuildFile; fileRef = D44E85F51212624B001B9DBC /* EBTabbarController.m */; };
		D44E864B1212653A001B9DBC /* EBMyJEyeViewController.m in Sources */ = {isa = PBXBuildFile; fileRef = D44E864A1212653A001B9DBC /* EBMyJEyeViewController.m */; };
		D44E865212126599001B9DBC /* EBMyJEyeModel.m in Sources */ = {isa = PBXBuildFile; fileRef = D44E865112126599001B9DBC /* EBMyJEyeModel.m */; };
		D44E884A121283BE001B9DBC /* EBPrivatePlurksViewController.m in Sources */ = {isa = PBXBuildFile; fileRef = D44E8849121283BE001B9DBC /* EBPrivatePlurksViewController.m */; };
		D44E885312128402001B9DBC /* EBPrivatePlurksModel.m in Sources */ = {isa = PBXBuildFile; fileRef = D44E885212128402001B9DBC /* EBPrivatePlurksModel.m */; };
		D44E8876121286C2001B9DBC /* BERespondedPlurksViewController.m in Sources */ = {isa = PBXBuildFile; fileRef = D44E8875121286C2001B9DBC /* BERespondedPlurksViewController.m */; };
		D44E888012128716001B9DBC /* EBRespondedPlurksModel.m in Sources */ = {isa = PBXBuildFile; fileRef = D44E887F12128716001B9DBC /* EBRespondedPlurksModel.m */; };
		D478B81311DD2E3E000E85D1 /* NSArray+BSJSONAdditions.m in Sources */ = {isa = PBXBuildFile; fileRef = D478B80A11DD2E3E000E85D1 /* NSArray+BSJSONAdditions.m */; };
		D478B81411DD2E3E000E85D1 /* NSDictionary+BSJSONAdditions.m in Sources */ = {isa = PBXBuildFile; fileRef = D478B80C11DD2E3E000E85D1 /* NSDictionary+BSJSONAdditions.m */; };
		D478B81511DD2E3E000E85D1 /* NSScanner+BSJSONAdditions.m in Sources */ = {isa = PBXBuildFile; fileRef = D478B80E11DD2E3E000E85D1 /* NSScanner+BSJSONAdditions.m */; };
		D478B81611DD2E3E000E85D1 /* NSString+BSJSONAdditions.m in Sources */ = {isa = PBXBuildFile; fileRef = D478B81011DD2E3E000E85D1 /* NSString+BSJSONAdditions.m */; };
		D478B81711DD2E3E000E85D1 /* BSJSONEncoder.m in Sources */ = {isa = PBXBuildFile; fileRef = D478B81211DD2E3E000E85D1 /* BSJSONEncoder.m */; };
		D478B82711DD2E67000E85D1 /* LFHTTPRequest.m in Sources */ = {isa = PBXBuildFile; fileRef = D478B82111DD2E67000E85D1 /* LFHTTPRequest.m */; };
		D478B82811DD2E67000E85D1 /* LFSiteReachability.m in Sources */ = {isa = PBXBuildFile; fileRef = D478B82311DD2E67000E85D1 /* LFSiteReachability.m */; };
		D478B82911DD2E67000E85D1 /* NSData+LFHTTPFormExtensions.m in Sources */ = {isa = PBXBuildFile; fileRef = D478B82611DD2E67000E85D1 /* NSData+LFHTTPFormExtensions.m */; };
		D478B82F11DD2E82000E85D1 /* CFNetwork.framework in Frameworks */ = {isa = PBXBuildFile; fileRef = D478B82E11DD2E81000E85D1 /* CFNetwork.framework */; };
		D478B84311DD2E9E000E85D1 /* SystemConfiguration.framework in Frameworks */ = {isa = PBXBuildFile; fileRef = D478B84211DD2E9E000E85D1 /* SystemConfiguration.framework */; };
		D478B87C11DD2F59000E85D1 /* ObjectiveJEye.m in Sources */ = {isa = PBXBuildFile; fileRef = D478B87911DD2F59000E85D1 /* ObjectiveJEye.m */; };
		D478B87D11DD2F59000E85D1 /* ObjectiveJEye+PrivateMethods.m in Sources */ = {isa = PBXBuildFile; fileRef = D478B87B11DD2F59000E85D1 /* ObjectiveJEye+PrivateMethods.m */; };
		D478B88511DD2FAE000E85D1 /* MobileCoreServices.framework in Frameworks */ = {isa = PBXBuildFile; fileRef = D478B88411DD2FAE000E85D1 /* MobileCoreServices.framework */; };
		D478B93F11DD31BD000E85D1 /* libThree20Core.a in Frameworks */ = {isa = PBXBuildFile; fileRef = D478B91A11DD3144000E85D1 /* libThree20Core.a */; };
		D478B94011DD31C1000E85D1 /* libThree20Network.a in Frameworks */ = {isa = PBXBuildFile; fileRef = D478B92011DD3144000E85D1 /* libThree20Network.a */; };
		D478B94111DD31C6000E85D1 /* libThree20Style.a in Frameworks */ = {isa = PBXBuildFile; fileRef = D478B92611DD3144000E85D1 /* libThree20Style.a */; };
		D478B94211DD31C9000E85D1 /* libThree20UICommon.a in Frameworks */ = {isa = PBXBuildFile; fileRef = D478B92C11DD3144000E85D1 /* libThree20UICommon.a */; };
		D478B94311DD31CC000E85D1 /* libThree20UINavigator.a in Frameworks */ = {isa = PBXBuildFile; fileRef = D478B93211DD3144000E85D1 /* libThree20UINavigator.a */; };
		D478B94411DD31CE000E85D1 /* libThree20UI.a in Frameworks */ = {isa = PBXBuildFile; fileRef = D478B93811DD3144000E85D1 /* libThree20UI.a */; };
		D478B94511DD31D1000E85D1 /* libThree20.a in Frameworks */ = {isa = PBXBuildFile; fileRef = D478B8F611DD30FE000E85D1 /* libThree20.a */; };
		D478B95711DD3212000E85D1 /* Three20.bundle in Resources */ = {isa = PBXBuildFile; fileRef = D478B95611DD3212000E85D1 /* Three20.bundle */; };
		D478B98211DD3226000E85D1 /* QuartzCore.framework in Frameworks */ = {isa = PBXBuildFile; fileRef = D478B98111DD3226000E85D1 /* QuartzCore.framework */; };
/* End PBXBuildFile section */

/* Begin PBXContainerItemProxy section */
		D478B8F511DD30FE000E85D1 /* PBXContainerItemProxy */ = {
			isa = PBXContainerItemProxy;
			containerPortal = D478B89C11DD306D000E85D1 /* Three20.xcodeproj */;
			proxyType = 2;
			remoteGlobalIDString = BEF31F3A0F352DF5000DE5D2;
			remoteInfo = Three20;
		};
		D478B8F711DD30FE000E85D1 /* PBXContainerItemProxy */ = {
			isa = PBXContainerItemProxy;
			containerPortal = D478B89C11DD306D000E85D1 /* Three20.xcodeproj */;
			proxyType = 2;
			remoteGlobalIDString = EB9E6C6210B6A8F800DE563C;
			remoteInfo = UnitTests;
		};
		D478B91911DD3144000E85D1 /* PBXContainerItemProxy */ = {
			isa = PBXContainerItemProxy;
			containerPortal = D478B90511DD3144000E85D1 /* Three20Core.xcodeproj */;
			proxyType = 2;
			remoteGlobalIDString = BEF31F3A0F352DF5000DE5D2;
			remoteInfo = Three20Core;
		};
		D478B91B11DD3144000E85D1 /* PBXContainerItemProxy */ = {
			isa = PBXContainerItemProxy;
			containerPortal = D478B90511DD3144000E85D1 /* Three20Core.xcodeproj */;
			proxyType = 2;
			remoteGlobalIDString = EB9E6C6210B6A8F800DE563C;
			remoteInfo = UnitTests;
		};
		D478B91F11DD3144000E85D1 /* PBXContainerItemProxy */ = {
			isa = PBXContainerItemProxy;
			containerPortal = D478B90811DD3144000E85D1 /* Three20Network.xcodeproj */;
			proxyType = 2;
			remoteGlobalIDString = BEF31F3A0F352DF5000DE5D2;
			remoteInfo = Three20Network;
		};
		D478B92111DD3144000E85D1 /* PBXContainerItemProxy */ = {
			isa = PBXContainerItemProxy;
			containerPortal = D478B90811DD3144000E85D1 /* Three20Network.xcodeproj */;
			proxyType = 2;
			remoteGlobalIDString = EB9E6C6210B6A8F800DE563C;
			remoteInfo = UnitTests;
		};
		D478B92511DD3144000E85D1 /* PBXContainerItemProxy */ = {
			isa = PBXContainerItemProxy;
			containerPortal = D478B90B11DD3144000E85D1 /* Three20Style.xcodeproj */;
			proxyType = 2;
			remoteGlobalIDString = BEF31F3A0F352DF5000DE5D2;
			remoteInfo = Three20Style;
		};
		D478B92711DD3144000E85D1 /* PBXContainerItemProxy */ = {
			isa = PBXContainerItemProxy;
			containerPortal = D478B90B11DD3144000E85D1 /* Three20Style.xcodeproj */;
			proxyType = 2;
			remoteGlobalIDString = EB9E6C6210B6A8F800DE563C;
			remoteInfo = UnitTests;
		};
		D478B92B11DD3144000E85D1 /* PBXContainerItemProxy */ = {
			isa = PBXContainerItemProxy;
			containerPortal = D478B90E11DD3144000E85D1 /* Three20UICommon.xcodeproj */;
			proxyType = 2;
			remoteGlobalIDString = BEF31F3A0F352DF5000DE5D2;
			remoteInfo = Three20UICommon;
		};
		D478B92D11DD3144000E85D1 /* PBXContainerItemProxy */ = {
			isa = PBXContainerItemProxy;
			containerPortal = D478B90E11DD3144000E85D1 /* Three20UICommon.xcodeproj */;
			proxyType = 2;
			remoteGlobalIDString = EB9E6C6210B6A8F800DE563C;
			remoteInfo = UnitTests;
		};
		D478B93111DD3144000E85D1 /* PBXContainerItemProxy */ = {
			isa = PBXContainerItemProxy;
			containerPortal = D478B91111DD3144000E85D1 /* Three20UINavigator.xcodeproj */;
			proxyType = 2;
			remoteGlobalIDString = BEF31F3A0F352DF5000DE5D2;
			remoteInfo = Three20UINavigator;
		};
		D478B93311DD3144000E85D1 /* PBXContainerItemProxy */ = {
			isa = PBXContainerItemProxy;
			containerPortal = D478B91111DD3144000E85D1 /* Three20UINavigator.xcodeproj */;
			proxyType = 2;
			remoteGlobalIDString = EB9E6C6210B6A8F800DE563C;
			remoteInfo = UnitTests;
		};
		D478B93711DD3144000E85D1 /* PBXContainerItemProxy */ = {
			isa = PBXContainerItemProxy;
			containerPortal = D478B91411DD3144000E85D1 /* Three20UI.xcodeproj */;
			proxyType = 2;
			remoteGlobalIDString = BEF31F3A0F352DF5000DE5D2;
			remoteInfo = Three20UI;
		};
		D478B93911DD3144000E85D1 /* PBXContainerItemProxy */ = {
			isa = PBXContainerItemProxy;
			containerPortal = D478B91411DD3144000E85D1 /* Three20UI.xcodeproj */;
			proxyType = 2;
			remoteGlobalIDString = EB9E6C6210B6A8F800DE563C;
			remoteInfo = UnitTests;
		};
		D478B94711DD31F9000E85D1 /* PBXContainerItemProxy */ = {
			isa = PBXContainerItemProxy;
			containerPortal = D478B90E11DD3144000E85D1 /* Three20UICommon.xcodeproj */;
			proxyType = 1;
			remoteGlobalIDString = BEF31F390F352DF5000DE5D2;
			remoteInfo = Three20UICommon;
		};
		D478B94911DD31F9000E85D1 /* PBXContainerItemProxy */ = {
			isa = PBXContainerItemProxy;
			containerPortal = D478B90B11DD3144000E85D1 /* Three20Style.xcodeproj */;
			proxyType = 1;
			remoteGlobalIDString = BEF31F390F352DF5000DE5D2;
			remoteInfo = Three20Style;
		};
		D478B94B11DD31F9000E85D1 /* PBXContainerItemProxy */ = {
			isa = PBXContainerItemProxy;
			containerPortal = D478B90811DD3144000E85D1 /* Three20Network.xcodeproj */;
			proxyType = 1;
			remoteGlobalIDString = BEF31F390F352DF5000DE5D2;
			remoteInfo = Three20Network;
		};
		D478B94D11DD31F9000E85D1 /* PBXContainerItemProxy */ = {
			isa = PBXContainerItemProxy;
			containerPortal = D478B91111DD3144000E85D1 /* Three20UINavigator.xcodeproj */;
			proxyType = 1;
			remoteGlobalIDString = BEF31F390F352DF5000DE5D2;
			remoteInfo = Three20UINavigator;
		};
		D478B94F11DD31F9000E85D1 /* PBXContainerItemProxy */ = {
			isa = PBXContainerItemProxy;
			containerPortal = D478B90511DD3144000E85D1 /* Three20Core.xcodeproj */;
			proxyType = 1;
			remoteGlobalIDString = BEF31F390F352DF5000DE5D2;
			remoteInfo = Three20Core;
		};
		D478B95111DD31F9000E85D1 /* PBXContainerItemProxy */ = {
			isa = PBXContainerItemProxy;
			containerPortal = D478B91411DD3144000E85D1 /* Three20UI.xcodeproj */;
			proxyType = 1;
			remoteGlobalIDString = BEF31F390F352DF5000DE5D2;
			remoteInfo = Three20UI;
		};
		D478B95311DD31F9000E85D1 /* PBXContainerItemProxy */ = {
			isa = PBXContainerItemProxy;
			containerPortal = D478B89C11DD306D000E85D1 /* Three20.xcodeproj */;
			proxyType = 1;
			remoteGlobalIDString = BEF31F390F352DF5000DE5D2;
			remoteInfo = Three20;
		};
/* End PBXContainerItemProxy section */

/* Begin PBXFileReference section */
		1D30AB110D05D00D00671497 /* Foundation.framework */ = {isa = PBXFileReference; lastKnownFileType = wrapper.framework; name = Foundation.framework; path = System/Library/Frameworks/Foundation.framework; sourceTree = SDKROOT; };
		1D3623240D0F684500981E51 /* EBAppDelegate.h */ = {isa = PBXFileReference; fileEncoding = 4; lastKnownFileType = sourcecode.c.h; path = EBAppDelegate.h; sourceTree = "<group>"; };
		1D3623250D0F684500981E51 /* EBAppDelegate.m */ = {isa = PBXFileReference; fileEncoding = 4; lastKnownFileType = sourcecode.c.objc; path = EBAppDelegate.m; sourceTree = "<group>"; };
		1D6058910D05DD3D006BFB54 /* ExplosiveBanana.app */ = {isa = PBXFileReference; explicitFileType = wrapper.application; includeInIndex = 0; path = ExplosiveBanana.app; sourceTree = BUILT_PRODUCTS_DIR; };
		1DF5F4DF0D08C38300B7A737 /* UIKit.framework */ = {isa = PBXFileReference; lastKnownFileType = wrapper.framework; name = UIKit.framework; path = System/Library/Frameworks/UIKit.framework; sourceTree = SDKROOT; };
		221F1FF11250C1D7007729EA /* API.h */ = {isa = PBXFileReference; fileEncoding = 4; lastKnownFileType = sourcecode.c.h; path = API.h; sourceTree = "<group>"; };
		222A4F941256000400CD8B0D /* JEUser.h */ = {isa = PBXFileReference; fileEncoding = 4; lastKnownFileType = sourcecode.c.h; path = JEUser.h; sourceTree = "<group>"; };
		222A4F951256000400CD8B0D /* JEUser.m */ = {isa = PBXFileReference; fileEncoding = 4; lastKnownFileType = sourcecode.c.objc; path = JEUser.m; sourceTree = "<group>"; };
		22382363125839530000D21F /* en */ = {isa = PBXFileReference; lastKnownFileType = text.plist.strings; name = en; path = en.lproj/Localizable.strings; sourceTree = "<group>"; };
		2238237C12583A1C0000D21F /* zh_cn */ = {isa = PBXFileReference; lastKnownFileType = text.plist.strings; name = zh_cn; path = zh_cn.lproj/Localizable.strings; sourceTree = "<group>"; };
		2247632B1253A1F600FDF745 /* NSData+Base64.m */ = {isa = PBXFileReference; fileEncoding = 4; lastKnownFileType = sourcecode.c.objc; name = "NSData+Base64.m"; path = "ExternalLibraries/ObjectivePlurk/ObjectivePlurk/NSData+Base64.m"; sourceTree = "<group>"; };
		2247632C1253A1F600FDF745 /* NSData+Base64.h */ = {isa = PBXFileReference; fileEncoding = 4; lastKnownFileType = sourcecode.c.h; name = "NSData+Base64.h"; path = "ExternalLibraries/ObjectivePlurk/ObjectivePlurk/NSData+Base64.h"; sourceTree = "<group>"; };
		22FC974D12587B7B00C4E836 /* favorite.png */ = {isa = PBXFileReference; lastKnownFileType = image.png; name = favorite.png; path = images/favorite.png; sourceTree = "<group>"; };
		22FC974E12587B7B00C4E836 /* messages.png */ = {isa = PBXFileReference; lastKnownFileType = image.png; name = messages.png; path = images/messages.png; sourceTree = "<group>"; };
		22FC974F12587B7B00C4E836 /* news.png */ = {isa = PBXFileReference; lastKnownFileType = image.png; name = news.png; path = images/news.png; sourceTree = "<group>"; };
		22FC975012587B7B00C4E836 /* twitter.png */ = {isa = PBXFileReference; lastKnownFileType = image.png; name = twitter.png; path = images/twitter.png; sourceTree = "<group>"; };
		2892E40F0DC94CBA00A64D0F /* CoreGraphics.framework */ = {isa = PBXFileReference; lastKnownFileType = wrapper.framework; name = CoreGraphics.framework; path = System/Library/Frameworks/CoreGraphics.framework; sourceTree = SDKROOT; };
		28A0AAE50D9B0CCF005BE974 /* ExplosiveBanana_Prefix.pch */ = {isa = PBXFileReference; fileEncoding = 4; lastKnownFileType = sourcecode.c.h; path = ExplosiveBanana_Prefix.pch; sourceTree = "<group>"; };
		29B97316FDCFA39411CA2CEA /* main.m */ = {isa = PBXFileReference; fileEncoding = 4; lastKnownFileType = sourcecode.c.objc; path = main.m; sourceTree = "<group>"; };
		8D1107310486CEB800E47090 /* ExplosiveBanana-Info.plist */ = {isa = PBXFileReference; fileEncoding = 4; lastKnownFileType = text.plist.xml; path = "ExplosiveBanana-Info.plist"; plistStructureDefinitionIdentifier = "com.apple.xcode.plist.structure-definition.iphone.info-plist"; sourceTree = "<group>"; };
		D4381AA911E107100062FE45 /* EBLoginViewController.h */ = {isa = PBXFileReference; fileEncoding = 4; lastKnownFileType = sourcecode.c.h; path = EBLoginViewController.h; sourceTree = "<group>"; };
		D4381AAA11E107100062FE45 /* EBLoginViewController.m */ = {isa = PBXFileReference; fileEncoding = 4; lastKnownFileType = sourcecode.c.objc; path = EBLoginViewController.m; sourceTree = "<group>"; };
		D4381B2B11E10F170062FE45 /* ZBAlert.h */ = {isa = PBXFileReference; fileEncoding = 4; lastKnownFileType = sourcecode.c.h; name = ZBAlert.h; path = ExternalLibraries/ZBExtensions/ZBAlert.h; sourceTree = "<group>"; };
		D4381B2C11E10F170062FE45 /* ZBAlert.m */ = {isa = PBXFileReference; fileEncoding = 4; lastKnownFileType = sourcecode.c.objc; name = ZBAlert.m; path = ExternalLibraries/ZBExtensions/ZBAlert.m; sourceTree = "<group>"; };
		D4381B2E11E10F3B0062FE45 /* ZBExtensions.h */ = {isa = PBXFileReference; fileEncoding = 4; lastKnownFileType = sourcecode.c.h; name = ZBExtensions.h; path = ExternalLibraries/ZBExtensions/ZBExtensions.h; sourceTree = "<group>"; };
		D44E7EB61211C10C001B9DBC /* EBTimelineViewController.h */ = {isa = PBXFileReference; fileEncoding = 4; lastKnownFileType = sourcecode.c.h; path = EBTimelineViewController.h; sourceTree = "<group>"; };
		D44E7EB71211C10C001B9DBC /* EBTimelineViewController.m */ = {isa = PBXFileReference; fileEncoding = 4; lastKnownFileType = sourcecode.c.objc; path = EBTimelineViewController.m; sourceTree = "<group>"; };
		D44E7EC51211C14D001B9DBC /* EBTimelineItem.h */ = {isa = PBXFileReference; fileEncoding = 4; lastKnownFileType = sourcecode.c.h; path = EBTimelineItem.h; sourceTree = "<group>"; };
		D44E7EC61211C14D001B9DBC /* EBTimelineItem.m */ = {isa = PBXFileReference; fileEncoding = 4; lastKnownFileType = sourcecode.c.objc; path = EBTimelineItem.m; sourceTree = "<group>"; };
		D44E7F041211C49C001B9DBC /* EBTimelineCell.h */ = {isa = PBXFileReference; fileEncoding = 4; lastKnownFileType = sourcecode.c.h; path = EBTimelineCell.h; sourceTree = "<group>"; };
		D44E7F051211C49C001B9DBC /* EBTimelineCell.m */ = {isa = PBXFileReference; fileEncoding = 4; lastKnownFileType = sourcecode.c.objc; path = EBTimelineCell.m; sourceTree = "<group>"; };
		D44E7F641211CD41001B9DBC /* EBTimelineDataSource.h */ = {isa = PBXFileReference; fileEncoding = 4; lastKnownFileType = sourcecode.c.h; path = EBTimelineDataSource.h; sourceTree = "<group>"; };
		D44E7F651211CD41001B9DBC /* EBTimelineDataSource.m */ = {isa = PBXFileReference; fileEncoding = 4; lastKnownFileType = sourcecode.c.objc; path = EBTimelineDataSource.m; sourceTree = "<group>"; };
		D44E7F7C1211D1C7001B9DBC /* EBTimelineModel.h */ = {isa = PBXFileReference; fileEncoding = 4; lastKnownFileType = sourcecode.c.h; path = EBTimelineModel.h; sourceTree = "<group>"; };
		D44E7F7D1211D1C7001B9DBC /* EBTimelineModel.m */ = {isa = PBXFileReference; fileEncoding = 4; lastKnownFileType = sourcecode.c.objc; path = EBTimelineModel.m; sourceTree = "<group>"; };
		D44E85F41212624B001B9DBC /* EBTabbarController.h */ = {isa = PBXFileReference; fileEncoding = 4; lastKnownFileType = sourcecode.c.h; path = EBTabbarController.h; sourceTree = "<group>"; };
		D44E85F51212624B001B9DBC /* EBTabbarController.m */ = {isa = PBXFileReference; fileEncoding = 4; lastKnownFileType = sourcecode.c.objc; path = EBTabbarController.m; sourceTree = "<group>"; };
		D44E86491212653A001B9DBC /* EBMyJEyeViewController.h */ = {isa = PBXFileReference; fileEncoding = 4; lastKnownFileType = sourcecode.c.h; path = EBMyJEyeViewController.h; sourceTree = "<group>"; };
		D44E864A1212653A001B9DBC /* EBMyJEyeViewController.m */ = {isa = PBXFileReference; fileEncoding = 4; lastKnownFileType = sourcecode.c.objc; path = EBMyJEyeViewController.m; sourceTree = "<group>"; };
		D44E865012126599001B9DBC /* EBMyJEyeModel.h */ = {isa = PBXFileReference; fileEncoding = 4; lastKnownFileType = sourcecode.c.h; path = EBMyJEyeModel.h; sourceTree = "<group>"; };
		D44E865112126599001B9DBC /* EBMyJEyeModel.m */ = {isa = PBXFileReference; fileEncoding = 4; lastKnownFileType = sourcecode.c.objc; path = EBMyJEyeModel.m; sourceTree = "<group>"; };
		D44E8848121283BE001B9DBC /* EBPrivatePlurksViewController.h */ = {isa = PBXFileReference; fileEncoding = 4; lastKnownFileType = sourcecode.c.h; path = EBPrivatePlurksViewController.h; sourceTree = "<group>"; };
		D44E8849121283BE001B9DBC /* EBPrivatePlurksViewController.m */ = {isa = PBXFileReference; fileEncoding = 4; lastKnownFileType = sourcecode.c.objc; path = EBPrivatePlurksViewController.m; sourceTree = "<group>"; };
		D44E885112128402001B9DBC /* EBPrivatePlurksModel.h */ = {isa = PBXFileReference; fileEncoding = 4; lastKnownFileType = sourcecode.c.h; path = EBPrivatePlurksModel.h; sourceTree = "<group>"; };
		D44E885212128402001B9DBC /* EBPrivatePlurksModel.m */ = {isa = PBXFileReference; fileEncoding = 4; lastKnownFileType = sourcecode.c.objc; path = EBPrivatePlurksModel.m; sourceTree = "<group>"; };
		D44E8874121286C2001B9DBC /* BERespondedPlurksViewController.h */ = {isa = PBXFileReference; fileEncoding = 4; lastKnownFileType = sourcecode.c.h; path = BERespondedPlurksViewController.h; sourceTree = "<group>"; };
		D44E8875121286C2001B9DBC /* BERespondedPlurksViewController.m */ = {isa = PBXFileReference; fileEncoding = 4; lastKnownFileType = sourcecode.c.objc; path = BERespondedPlurksViewController.m; sourceTree = "<group>"; };
		D44E887E12128716001B9DBC /* EBRespondedPlurksModel.h */ = {isa = PBXFileReference; fileEncoding = 4; lastKnownFileType = sourcecode.c.h; path = EBRespondedPlurksModel.h; sourceTree = "<group>"; };
		D44E887F12128716001B9DBC /* EBRespondedPlurksModel.m */ = {isa = PBXFileReference; fileEncoding = 4; lastKnownFileType = sourcecode.c.objc; path = EBRespondedPlurksModel.m; sourceTree = "<group>"; };
		D478B80911DD2E3E000E85D1 /* NSArray+BSJSONAdditions.h */ = {isa = PBXFileReference; fileEncoding = 4; lastKnownFileType = sourcecode.c.h; name = "NSArray+BSJSONAdditions.h"; path = "ExternalLibraries/bsjsonadditions/NSArray+BSJSONAdditions.h"; sourceTree = "<group>"; };
		D478B80A11DD2E3E000E85D1 /* NSArray+BSJSONAdditions.m */ = {isa = PBXFileReference; fileEncoding = 4; lastKnownFileType = sourcecode.c.objc; name = "NSArray+BSJSONAdditions.m"; path = "ExternalLibraries/bsjsonadditions/NSArray+BSJSONAdditions.m"; sourceTree = "<group>"; };
		D478B80B11DD2E3E000E85D1 /* NSDictionary+BSJSONAdditions.h */ = {isa = PBXFileReference; fileEncoding = 4; lastKnownFileType = sourcecode.c.h; name = "NSDictionary+BSJSONAdditions.h"; path = "ExternalLibraries/bsjsonadditions/NSDictionary+BSJSONAdditions.h"; sourceTree = "<group>"; };
		D478B80C11DD2E3E000E85D1 /* NSDictionary+BSJSONAdditions.m */ = {isa = PBXFileReference; fileEncoding = 4; lastKnownFileType = sourcecode.c.objc; name = "NSDictionary+BSJSONAdditions.m"; path = "ExternalLibraries/bsjsonadditions/NSDictionary+BSJSONAdditions.m"; sourceTree = "<group>"; };
		D478B80D11DD2E3E000E85D1 /* NSScanner+BSJSONAdditions.h */ = {isa = PBXFileReference; fileEncoding = 4; lastKnownFileType = sourcecode.c.h; name = "NSScanner+BSJSONAdditions.h"; path = "ExternalLibraries/bsjsonadditions/NSScanner+BSJSONAdditions.h"; sourceTree = "<group>"; };
		D478B80E11DD2E3E000E85D1 /* NSScanner+BSJSONAdditions.m */ = {isa = PBXFileReference; fileEncoding = 4; lastKnownFileType = sourcecode.c.objc; name = "NSScanner+BSJSONAdditions.m"; path = "ExternalLibraries/bsjsonadditions/NSScanner+BSJSONAdditions.m"; sourceTree = "<group>"; };
		D478B80F11DD2E3E000E85D1 /* NSString+BSJSONAdditions.h */ = {isa = PBXFileReference; fileEncoding = 4; lastKnownFileType = sourcecode.c.h; name = "NSString+BSJSONAdditions.h"; path = "ExternalLibraries/bsjsonadditions/NSString+BSJSONAdditions.h"; sourceTree = "<group>"; };
		D478B81011DD2E3E000E85D1 /* NSString+BSJSONAdditions.m */ = {isa = PBXFileReference; fileEncoding = 4; lastKnownFileType = sourcecode.c.objc; name = "NSString+BSJSONAdditions.m"; path = "ExternalLibraries/bsjsonadditions/NSString+BSJSONAdditions.m"; sourceTree = "<group>"; };
		D478B81111DD2E3E000E85D1 /* BSJSONEncoder.h */ = {isa = PBXFileReference; fileEncoding = 4; lastKnownFileType = sourcecode.c.h; name = BSJSONEncoder.h; path = ExternalLibraries/bsjsonadditions/BSJSONEncoder.h; sourceTree = "<group>"; };
		D478B81211DD2E3E000E85D1 /* BSJSONEncoder.m */ = {isa = PBXFileReference; fileEncoding = 4; lastKnownFileType = sourcecode.c.objc; name = BSJSONEncoder.m; path = ExternalLibraries/bsjsonadditions/BSJSONEncoder.m; sourceTree = "<group>"; };
		D478B82011DD2E67000E85D1 /* LFHTTPRequest.h */ = {isa = PBXFileReference; fileEncoding = 4; lastKnownFileType = sourcecode.c.h; name = LFHTTPRequest.h; path = ExternalLibraries/LFWebAPIKit/LFHTTPRequest.h; sourceTree = "<group>"; };
		D478B82111DD2E67000E85D1 /* LFHTTPRequest.m */ = {isa = PBXFileReference; fileEncoding = 4; lastKnownFileType = sourcecode.c.objc; name = LFHTTPRequest.m; path = ExternalLibraries/LFWebAPIKit/LFHTTPRequest.m; sourceTree = "<group>"; };
		D478B82211DD2E67000E85D1 /* LFSiteReachability.h */ = {isa = PBXFileReference; fileEncoding = 4; lastKnownFileType = sourcecode.c.h; name = LFSiteReachability.h; path = ExternalLibraries/LFWebAPIKit/LFSiteReachability.h; sourceTree = "<group>"; };
		D478B82311DD2E67000E85D1 /* LFSiteReachability.m */ = {isa = PBXFileReference; fileEncoding = 4; lastKnownFileType = sourcecode.c.objc; name = LFSiteReachability.m; path = ExternalLibraries/LFWebAPIKit/LFSiteReachability.m; sourceTree = "<group>"; };
		D478B82411DD2E67000E85D1 /* LFWebAPIKit.h */ = {isa = PBXFileReference; fileEncoding = 4; lastKnownFileType = sourcecode.c.h; name = LFWebAPIKit.h; path = ExternalLibraries/LFWebAPIKit/LFWebAPIKit.h; sourceTree = "<group>"; };
		D478B82511DD2E67000E85D1 /* NSData+LFHTTPFormExtensions.h */ = {isa = PBXFileReference; fileEncoding = 4; lastKnownFileType = sourcecode.c.h; name = "NSData+LFHTTPFormExtensions.h"; path = "ExternalLibraries/LFWebAPIKit/NSData+LFHTTPFormExtensions.h"; sourceTree = "<group>"; };
		D478B82611DD2E67000E85D1 /* NSData+LFHTTPFormExtensions.m */ = {isa = PBXFileReference; fileEncoding = 4; lastKnownFileType = sourcecode.c.objc; name = "NSData+LFHTTPFormExtensions.m"; path = "ExternalLibraries/LFWebAPIKit/NSData+LFHTTPFormExtensions.m"; sourceTree = "<group>"; };
		D478B82E11DD2E81000E85D1 /* CFNetwork.framework */ = {isa = PBXFileReference; lastKnownFileType = wrapper.framework; name = CFNetwork.framework; path = System/Library/Frameworks/CFNetwork.framework; sourceTree = SDKROOT; };
		D478B84211DD2E9E000E85D1 /* SystemConfiguration.framework */ = {isa = PBXFileReference; lastKnownFileType = wrapper.framework; name = SystemConfiguration.framework; path = System/Library/Frameworks/SystemConfiguration.framework; sourceTree = SDKROOT; };
		D478B87811DD2F59000E85D1 /* ObjectiveJEye.h */ = {isa = PBXFileReference; fileEncoding = 4; lastKnownFileType = sourcecode.c.h; name = ObjectiveJEye.h; path = ExternalLibraries/ObjectivePlurk/ObjectivePlurk/ObjectiveJEye.h; sourceTree = "<group>"; };
		D478B87911DD2F59000E85D1 /* ObjectiveJEye.m */ = {isa = PBXFileReference; fileEncoding = 4; lastKnownFileType = sourcecode.c.objc; name = ObjectiveJEye.m; path = ExternalLibraries/ObjectivePlurk/ObjectivePlurk/ObjectiveJEye.m; sourceTree = "<group>"; };
		D478B87A11DD2F59000E85D1 /* ObjectiveJEye+PrivateMethods.h */ = {isa = PBXFileReference; fileEncoding = 4; lastKnownFileType = sourcecode.c.h; name = "ObjectiveJEye+PrivateMethods.h"; path = "ExternalLibraries/ObjectivePlurk/ObjectivePlurk/ObjectiveJEye+PrivateMethods.h"; sourceTree = "<group>"; };
		D478B87B11DD2F59000E85D1 /* ObjectiveJEye+PrivateMethods.m */ = {isa = PBXFileReference; fileEncoding = 4; indentWidth = 2; lastKnownFileType = sourcecode.c.objc; name = "ObjectiveJEye+PrivateMethods.m"; path = "ExternalLibraries/ObjectivePlurk/ObjectivePlurk/ObjectiveJEye+PrivateMethods.m"; sourceTree = "<group>"; tabWidth = 2; usesTabs = 1; wrapsLines = 1; };
		D478B88411DD2FAE000E85D1 /* MobileCoreServices.framework */ = {isa = PBXFileReference; lastKnownFileType = wrapper.framework; name = MobileCoreServices.framework; path = System/Library/Frameworks/MobileCoreServices.framework; sourceTree = SDKROOT; };
		D478B89C11DD306D000E85D1 /* Three20.xcodeproj */ = {isa = PBXFileReference; lastKnownFileType = "wrapper.pb-project"; name = Three20.xcodeproj; path = ExternalLibraries/Three20/src/Three20/Three20.xcodeproj; sourceTree = SOURCE_ROOT; };
		D478B90511DD3144000E85D1 /* Three20Core.xcodeproj */ = {isa = PBXFileReference; lastKnownFileType = "wrapper.pb-project"; name = Three20Core.xcodeproj; path = ExternalLibraries/Three20/src/Three20Core/Three20Core.xcodeproj; sourceTree = "<group>"; };
		D478B90811DD3144000E85D1 /* Three20Network.xcodeproj */ = {isa = PBXFileReference; lastKnownFileType = "wrapper.pb-project"; name = Three20Network.xcodeproj; path = ExternalLibraries/Three20/src/Three20Network/Three20Network.xcodeproj; sourceTree = "<group>"; };
		D478B90B11DD3144000E85D1 /* Three20Style.xcodeproj */ = {isa = PBXFileReference; lastKnownFileType = "wrapper.pb-project"; name = Three20Style.xcodeproj; path = ExternalLibraries/Three20/src/Three20Style/Three20Style.xcodeproj; sourceTree = "<group>"; };
		D478B90E11DD3144000E85D1 /* Three20UICommon.xcodeproj */ = {isa = PBXFileReference; lastKnownFileType = "wrapper.pb-project"; name = Three20UICommon.xcodeproj; path = ExternalLibraries/Three20/src/Three20UICommon/Three20UICommon.xcodeproj; sourceTree = "<group>"; };
		D478B91111DD3144000E85D1 /* Three20UINavigator.xcodeproj */ = {isa = PBXFileReference; lastKnownFileType = "wrapper.pb-project"; name = Three20UINavigator.xcodeproj; path = ExternalLibraries/Three20/src/Three20UINavigator/Three20UINavigator.xcodeproj; sourceTree = "<group>"; };
		D478B91411DD3144000E85D1 /* Three20UI.xcodeproj */ = {isa = PBXFileReference; lastKnownFileType = "wrapper.pb-project"; name = Three20UI.xcodeproj; path = ExternalLibraries/Three20/src/Three20UI/Three20UI.xcodeproj; sourceTree = "<group>"; };
		D478B95611DD3212000E85D1 /* Three20.bundle */ = {isa = PBXFileReference; lastKnownFileType = "wrapper.plug-in"; name = Three20.bundle; path = ExternalLibraries/Three20/src/Three20.bundle; sourceTree = "<group>"; };
		D478B98111DD3226000E85D1 /* QuartzCore.framework */ = {isa = PBXFileReference; lastKnownFileType = wrapper.framework; name = QuartzCore.framework; path = System/Library/Frameworks/QuartzCore.framework; sourceTree = SDKROOT; };
/* End PBXFileReference section */

/* Begin PBXFrameworksBuildPhase section */
		1D60588F0D05DD3D006BFB54 /* Frameworks */ = {
			isa = PBXFrameworksBuildPhase;
			buildActionMask = 2147483647;
			files = (
				1D60589F0D05DD5A006BFB54 /* Foundation.framework in Frameworks */,
				1DF5F4E00D08C38300B7A737 /* UIKit.framework in Frameworks */,
				2892E4100DC94CBA00A64D0F /* CoreGraphics.framework in Frameworks */,
				D478B82F11DD2E82000E85D1 /* CFNetwork.framework in Frameworks */,
				D478B84311DD2E9E000E85D1 /* SystemConfiguration.framework in Frameworks */,
				D478B88511DD2FAE000E85D1 /* MobileCoreServices.framework in Frameworks */,
				D478B93F11DD31BD000E85D1 /* libThree20Core.a in Frameworks */,
				D478B94011DD31C1000E85D1 /* libThree20Network.a in Frameworks */,
				D478B94111DD31C6000E85D1 /* libThree20Style.a in Frameworks */,
				D478B94211DD31C9000E85D1 /* libThree20UICommon.a in Frameworks */,
				D478B94311DD31CC000E85D1 /* libThree20UINavigator.a in Frameworks */,
				D478B94411DD31CE000E85D1 /* libThree20UI.a in Frameworks */,
				D478B94511DD31D1000E85D1 /* libThree20.a in Frameworks */,
				D478B98211DD3226000E85D1 /* QuartzCore.framework in Frameworks */,
			);
			runOnlyForDeploymentPostprocessing = 0;
		};
/* End PBXFrameworksBuildPhase section */

/* Begin PBXGroup section */
		080E96DDFE201D6D7F000001 /* Classes */ = {
			isa = PBXGroup;
			children = (
				222A4F931255FFE100CD8B0D /* model */,
				221F1FF11250C1D7007729EA /* API.h */,
				1D3623240D0F684500981E51 /* EBAppDelegate.h */,
				1D3623250D0F684500981E51 /* EBAppDelegate.m */,
				D4381AA911E107100062FE45 /* EBLoginViewController.h */,
				D4381AAA11E107100062FE45 /* EBLoginViewController.m */,
				D44E85F41212624B001B9DBC /* EBTabbarController.h */,
				D44E85F51212624B001B9DBC /* EBTabbarController.m */,
				D44E7EC21211C13A001B9DBC /* twitter */,
			);
			path = Classes;
			sourceTree = "<group>";
		};
		19C28FACFE9D520D11CA2CBB /* Products */ = {
			isa = PBXGroup;
			children = (
				1D6058910D05DD3D006BFB54 /* ExplosiveBanana.app */,
			);
			name = Products;
			sourceTree = "<group>";
		};
		222A4F931255FFE100CD8B0D /* model */ = {
			isa = PBXGroup;
			children = (
				222A4F941256000400CD8B0D /* JEUser.h */,
				222A4F951256000400CD8B0D /* JEUser.m */,
			);
			name = model;
			sourceTree = "<group>";
		};
		29B97314FDCFA39411CA2CEA /* CustomTemplate */ = {
			isa = PBXGroup;
			children = (
				D478B7F911DD2E13000E85D1 /* External Libraries */,
				080E96DDFE201D6D7F000001 /* Classes */,
				29B97315FDCFA39411CA2CEA /* Other Sources */,
				29B97317FDCFA39411CA2CEA /* Resources */,
				29B97323FDCFA39411CA2CEA /* Frameworks */,
				19C28FACFE9D520D11CA2CBB /* Products */,
			);
			name = CustomTemplate;
			sourceTree = "<group>";
		};
		29B97315FDCFA39411CA2CEA /* Other Sources */ = {
			isa = PBXGroup;
			children = (
				28A0AAE50D9B0CCF005BE974 /* ExplosiveBanana_Prefix.pch */,
				29B97316FDCFA39411CA2CEA /* main.m */,
			);
			name = "Other Sources";
			sourceTree = "<group>";
		};
		29B97317FDCFA39411CA2CEA /* Resources */ = {
			isa = PBXGroup;
			children = (
				22FC975012587B7B00C4E836 /* twitter.png */,
				22FC974D12587B7B00C4E836 /* favorite.png */,
				22FC974E12587B7B00C4E836 /* messages.png */,
				22FC974F12587B7B00C4E836 /* news.png */,
				D478B95611DD3212000E85D1 /* Three20.bundle */,
				8D1107310486CEB800E47090 /* ExplosiveBanana-Info.plist */,
				22382360125839040000D21F /* Localizable.strings */,
			);
			name = Resources;
			sourceTree = "<group>";
		};
		29B97323FDCFA39411CA2CEA /* Frameworks */ = {
			isa = PBXGroup;
			children = (
				D478B98111DD3226000E85D1 /* QuartzCore.framework */,
				D478B88411DD2FAE000E85D1 /* MobileCoreServices.framework */,
				D478B84211DD2E9E000E85D1 /* SystemConfiguration.framework */,
				D478B82E11DD2E81000E85D1 /* CFNetwork.framework */,
				1DF5F4DF0D08C38300B7A737 /* UIKit.framework */,
				1D30AB110D05D00D00671497 /* Foundation.framework */,
				2892E40F0DC94CBA00A64D0F /* CoreGraphics.framework */,
			);
			name = Frameworks;
			sourceTree = "<group>";
		};
		D4381B2411E10E740062FE45 /* ZBExtensions */ = {
			isa = PBXGroup;
			children = (
				D4381B2E11E10F3B0062FE45 /* ZBExtensions.h */,
				D4381B2B11E10F170062FE45 /* ZBAlert.h */,
				D4381B2C11E10F170062FE45 /* ZBAlert.m */,
			);
			name = ZBExtensions;
			sourceTree = "<group>";
		};
		D44E7EC21211C13A001B9DBC /* twitter */ = {
			isa = PBXGroup;
			children = (
				D44E7EB61211C10C001B9DBC /* EBTimelineViewController.h */,
				D44E7EB71211C10C001B9DBC /* EBTimelineViewController.m */,
				D44E7EC51211C14D001B9DBC /* EBTimelineItem.h */,
				D44E7EC61211C14D001B9DBC /* EBTimelineItem.m */,
				D44E7F041211C49C001B9DBC /* EBTimelineCell.h */,
				D44E7F051211C49C001B9DBC /* EBTimelineCell.m */,
				D44E7F641211CD41001B9DBC /* EBTimelineDataSource.h */,
				D44E7F651211CD41001B9DBC /* EBTimelineDataSource.m */,
				D44E7F7C1211D1C7001B9DBC /* EBTimelineModel.h */,
				D44E7F7D1211D1C7001B9DBC /* EBTimelineModel.m */,
				D44E86491212653A001B9DBC /* EBMyJEyeViewController.h */,
				D44E864A1212653A001B9DBC /* EBMyJEyeViewController.m */,
				D44E865012126599001B9DBC /* EBMyJEyeModel.h */,
				D44E865112126599001B9DBC /* EBMyJEyeModel.m */,
				D44E8848121283BE001B9DBC /* EBPrivatePlurksViewController.h */,
				D44E8849121283BE001B9DBC /* EBPrivatePlurksViewController.m */,
				D44E885112128402001B9DBC /* EBPrivatePlurksModel.h */,
				D44E885212128402001B9DBC /* EBPrivatePlurksModel.m */,
				D44E8874121286C2001B9DBC /* BERespondedPlurksViewController.h */,
				D44E8875121286C2001B9DBC /* BERespondedPlurksViewController.m */,
				D44E887E12128716001B9DBC /* EBRespondedPlurksModel.h */,
				D44E887F12128716001B9DBC /* EBRespondedPlurksModel.m */,
			);
			name = twitter;
			sourceTree = "<group>";
		};
		D478B7F911DD2E13000E85D1 /* External Libraries */ = {
			isa = PBXGroup;
			children = (
				D478B90511DD3144000E85D1 /* Three20Core.xcodeproj */,
				D478B90811DD3144000E85D1 /* Three20Network.xcodeproj */,
				D478B90B11DD3144000E85D1 /* Three20Style.xcodeproj */,
				D478B90E11DD3144000E85D1 /* Three20UICommon.xcodeproj */,
				D478B91111DD3144000E85D1 /* Three20UINavigator.xcodeproj */,
				D478B91411DD3144000E85D1 /* Three20UI.xcodeproj */,
				D478B89C11DD306D000E85D1 /* Three20.xcodeproj */,
				D478B87711DD2F59000E85D1 /* javaeye */,
				D478B81E11DD2E5D000E85D1 /* LFWebAPI */,
				D478B80811DD2E3E000E85D1 /* bsjsonadditions */,
				D4381B2411E10E740062FE45 /* ZBExtensions */,
			);
			name = "External Libraries";
			sourceTree = "<group>";
		};
		D478B80811DD2E3E000E85D1 /* bsjsonadditions */ = {
			isa = PBXGroup;
			children = (
				D478B80911DD2E3E000E85D1 /* NSArray+BSJSONAdditions.h */,
				D478B80A11DD2E3E000E85D1 /* NSArray+BSJSONAdditions.m */,
				D478B80B11DD2E3E000E85D1 /* NSDictionary+BSJSONAdditions.h */,
				D478B80C11DD2E3E000E85D1 /* NSDictionary+BSJSONAdditions.m */,
				D478B80D11DD2E3E000E85D1 /* NSScanner+BSJSONAdditions.h */,
				D478B80E11DD2E3E000E85D1 /* NSScanner+BSJSONAdditions.m */,
				D478B80F11DD2E3E000E85D1 /* NSString+BSJSONAdditions.h */,
				D478B81011DD2E3E000E85D1 /* NSString+BSJSONAdditions.m */,
				D478B81111DD2E3E000E85D1 /* BSJSONEncoder.h */,
				D478B81211DD2E3E000E85D1 /* BSJSONEncoder.m */,
			);
			name = bsjsonadditions;
			sourceTree = "<group>";
		};
		D478B81E11DD2E5D000E85D1 /* LFWebAPI */ = {
			isa = PBXGroup;
			children = (
				D478B82011DD2E67000E85D1 /* LFHTTPRequest.h */,
				D478B82111DD2E67000E85D1 /* LFHTTPRequest.m */,
				D478B82211DD2E67000E85D1 /* LFSiteReachability.h */,
				D478B82311DD2E67000E85D1 /* LFSiteReachability.m */,
				D478B82411DD2E67000E85D1 /* LFWebAPIKit.h */,
				D478B82511DD2E67000E85D1 /* NSData+LFHTTPFormExtensions.h */,
				D478B82611DD2E67000E85D1 /* NSData+LFHTTPFormExtensions.m */,
			);
			name = LFWebAPI;
			sourceTree = "<group>";
		};
		D478B87711DD2F59000E85D1 /* javaeye */ = {
			isa = PBXGroup;
			children = (
				2247632B1253A1F600FDF745 /* NSData+Base64.m */,
				2247632C1253A1F600FDF745 /* NSData+Base64.h */,
				D478B87811DD2F59000E85D1 /* ObjectiveJEye.h */,
				D478B87911DD2F59000E85D1 /* ObjectiveJEye.m */,
				D478B87A11DD2F59000E85D1 /* ObjectiveJEye+PrivateMethods.h */,
				D478B87B11DD2F59000E85D1 /* ObjectiveJEye+PrivateMethods.m */,
			);
			name = javaeye;
			sourceTree = "<group>";
		};
		D478B8F111DD30FE000E85D1 /* Products */ = {
			isa = PBXGroup;
			children = (
				D478B8F611DD30FE000E85D1 /* libThree20.a */,
				D478B8F811DD30FE000E85D1 /* UnitTests.octest */,
			);
			name = Products;
			sourceTree = "<group>";
		};
		D478B90611DD3144000E85D1 /* Products */ = {
			isa = PBXGroup;
			children = (
				D478B91A11DD3144000E85D1 /* libThree20Core.a */,
				D478B91C11DD3144000E85D1 /* CoreUnitTests.octest */,
			);
			name = Products;
			sourceTree = "<group>";
		};
		D478B90911DD3144000E85D1 /* Products */ = {
			isa = PBXGroup;
			children = (
				D478B92011DD3144000E85D1 /* libThree20Network.a */,
				D478B92211DD3144000E85D1 /* UnitTests.octest */,
			);
			name = Products;
			sourceTree = "<group>";
		};
		D478B90C11DD3144000E85D1 /* Products */ = {
			isa = PBXGroup;
			children = (
				D478B92611DD3144000E85D1 /* libThree20Style.a */,
				D478B92811DD3144000E85D1 /* UnitTests.octest */,
			);
			name = Products;
			sourceTree = "<group>";
		};
		D478B90F11DD3144000E85D1 /* Products */ = {
			isa = PBXGroup;
			children = (
				D478B92C11DD3144000E85D1 /* libThree20UICommon.a */,
				D478B92E11DD3144000E85D1 /* UnitTests.octest */,
			);
			name = Products;
			sourceTree = "<group>";
		};
		D478B91211DD3144000E85D1 /* Products */ = {
			isa = PBXGroup;
			children = (
				D478B93211DD3144000E85D1 /* libThree20UINavigator.a */,
				D478B93411DD3144000E85D1 /* UnitTests.octest */,
			);
			name = Products;
			sourceTree = "<group>";
		};
		D478B91511DD3144000E85D1 /* Products */ = {
			isa = PBXGroup;
			children = (
				D478B93811DD3144000E85D1 /* libThree20UI.a */,
				D478B93A11DD3144000E85D1 /* UnitTests.octest */,
			);
			name = Products;
			sourceTree = "<group>";
		};
/* End PBXGroup section */

/* Begin PBXNativeTarget section */
		1D6058900D05DD3D006BFB54 /* ExplosiveBanana */ = {
			isa = PBXNativeTarget;
			buildConfigurationList = 1D6058960D05DD3E006BFB54 /* Build configuration list for PBXNativeTarget "ExplosiveBanana" */;
			buildPhases = (
				1D60588D0D05DD3D006BFB54 /* Resources */,
				1D60588E0D05DD3D006BFB54 /* Sources */,
				1D60588F0D05DD3D006BFB54 /* Frameworks */,
			);
			buildRules = (
			);
			dependencies = (
				D478B94811DD31F9000E85D1 /* PBXTargetDependency */,
				D478B94A11DD31F9000E85D1 /* PBXTargetDependency */,
				D478B94C11DD31F9000E85D1 /* PBXTargetDependency */,
				D478B94E11DD31F9000E85D1 /* PBXTargetDependency */,
				D478B95011DD31F9000E85D1 /* PBXTargetDependency */,
				D478B95211DD31F9000E85D1 /* PBXTargetDependency */,
				D478B95411DD31F9000E85D1 /* PBXTargetDependency */,
			);
			name = ExplosiveBanana;
			productName = ExplosiveBanana;
			productReference = 1D6058910D05DD3D006BFB54 /* ExplosiveBanana.app */;
			productType = "com.apple.product-type.application";
		};
/* End PBXNativeTarget section */

/* Begin PBXProject section */
		29B97313FDCFA39411CA2CEA /* Project object */ = {
			isa = PBXProject;
			buildConfigurationList = C01FCF4E08A954540054247B /* Build configuration list for PBXProject "javaeye-iphone" */;
			compatibilityVersion = "Xcode 3.1";
			hasScannedForEncodings = 1;
			knownRegions = (
				English,
				Japanese,
				French,
				German,
				en,
				zh,
				zh_cn,
			);
			mainGroup = 29B97314FDCFA39411CA2CEA /* CustomTemplate */;
			projectDirPath = "";
			projectReferences = (
				{
					ProductGroup = D478B8F111DD30FE000E85D1 /* Products */;
					ProjectRef = D478B89C11DD306D000E85D1 /* Three20.xcodeproj */;
				},
				{
					ProductGroup = D478B90611DD3144000E85D1 /* Products */;
					ProjectRef = D478B90511DD3144000E85D1 /* Three20Core.xcodeproj */;
				},
				{
					ProductGroup = D478B90911DD3144000E85D1 /* Products */;
					ProjectRef = D478B90811DD3144000E85D1 /* Three20Network.xcodeproj */;
				},
				{
					ProductGroup = D478B90C11DD3144000E85D1 /* Products */;
					ProjectRef = D478B90B11DD3144000E85D1 /* Three20Style.xcodeproj */;
				},
				{
					ProductGroup = D478B91511DD3144000E85D1 /* Products */;
					ProjectRef = D478B91411DD3144000E85D1 /* Three20UI.xcodeproj */;
				},
				{
					ProductGroup = D478B90F11DD3144000E85D1 /* Products */;
					ProjectRef = D478B90E11DD3144000E85D1 /* Three20UICommon.xcodeproj */;
				},
				{
					ProductGroup = D478B91211DD3144000E85D1 /* Products */;
					ProjectRef = D478B91111DD3144000E85D1 /* Three20UINavigator.xcodeproj */;
				},
			);
			projectRoot = "";
			targets = (
				1D6058900D05DD3D006BFB54 /* ExplosiveBanana */,
			);
		};
/* End PBXProject section */

/* Begin PBXReferenceProxy section */
		D478B8F611DD30FE000E85D1 /* libThree20.a */ = {
			isa = PBXReferenceProxy;
			fileType = archive.ar;
			path = libThree20.a;
			remoteRef = D478B8F511DD30FE000E85D1 /* PBXContainerItemProxy */;
			sourceTree = BUILT_PRODUCTS_DIR;
		};
		D478B8F811DD30FE000E85D1 /* UnitTests.octest */ = {
			isa = PBXReferenceProxy;
			fileType = wrapper.cfbundle;
			path = UnitTests.octest;
			remoteRef = D478B8F711DD30FE000E85D1 /* PBXContainerItemProxy */;
			sourceTree = BUILT_PRODUCTS_DIR;
		};
		D478B91A11DD3144000E85D1 /* libThree20Core.a */ = {
			isa = PBXReferenceProxy;
			fileType = archive.ar;
			path = libThree20Core.a;
			remoteRef = D478B91911DD3144000E85D1 /* PBXContainerItemProxy */;
			sourceTree = BUILT_PRODUCTS_DIR;
		};
		D478B91C11DD3144000E85D1 /* CoreUnitTests.octest */ = {
			isa = PBXReferenceProxy;
			fileType = wrapper.cfbundle;
			path = CoreUnitTests.octest;
			remoteRef = D478B91B11DD3144000E85D1 /* PBXContainerItemProxy */;
			sourceTree = BUILT_PRODUCTS_DIR;
		};
		D478B92011DD3144000E85D1 /* libThree20Network.a */ = {
			isa = PBXReferenceProxy;
			fileType = archive.ar;
			path = libThree20Network.a;
			remoteRef = D478B91F11DD3144000E85D1 /* PBXContainerItemProxy */;
			sourceTree = BUILT_PRODUCTS_DIR;
		};
		D478B92211DD3144000E85D1 /* UnitTests.octest */ = {
			isa = PBXReferenceProxy;
			fileType = wrapper.cfbundle;
			path = UnitTests.octest;
			remoteRef = D478B92111DD3144000E85D1 /* PBXContainerItemProxy */;
			sourceTree = BUILT_PRODUCTS_DIR;
		};
		D478B92611DD3144000E85D1 /* libThree20Style.a */ = {
			isa = PBXReferenceProxy;
			fileType = archive.ar;
			path = libThree20Style.a;
			remoteRef = D478B92511DD3144000E85D1 /* PBXContainerItemProxy */;
			sourceTree = BUILT_PRODUCTS_DIR;
		};
		D478B92811DD3144000E85D1 /* UnitTests.octest */ = {
			isa = PBXReferenceProxy;
			fileType = wrapper.cfbundle;
			path = UnitTests.octest;
			remoteRef = D478B92711DD3144000E85D1 /* PBXContainerItemProxy */;
			sourceTree = BUILT_PRODUCTS_DIR;
		};
		D478B92C11DD3144000E85D1 /* libThree20UICommon.a */ = {
			isa = PBXReferenceProxy;
			fileType = archive.ar;
			path = libThree20UICommon.a;
			remoteRef = D478B92B11DD3144000E85D1 /* PBXContainerItemProxy */;
			sourceTree = BUILT_PRODUCTS_DIR;
		};
		D478B92E11DD3144000E85D1 /* UnitTests.octest */ = {
			isa = PBXReferenceProxy;
			fileType = wrapper.cfbundle;
			path = UnitTests.octest;
			remoteRef = D478B92D11DD3144000E85D1 /* PBXContainerItemProxy */;
			sourceTree = BUILT_PRODUCTS_DIR;
		};
		D478B93211DD3144000E85D1 /* libThree20UINavigator.a */ = {
			isa = PBXReferenceProxy;
			fileType = archive.ar;
			path = libThree20UINavigator.a;
			remoteRef = D478B93111DD3144000E85D1 /* PBXContainerItemProxy */;
			sourceTree = BUILT_PRODUCTS_DIR;
		};
		D478B93411DD3144000E85D1 /* UnitTests.octest */ = {
			isa = PBXReferenceProxy;
			fileType = wrapper.cfbundle;
			path = UnitTests.octest;
			remoteRef = D478B93311DD3144000E85D1 /* PBXContainerItemProxy */;
			sourceTree = BUILT_PRODUCTS_DIR;
		};
		D478B93811DD3144000E85D1 /* libThree20UI.a */ = {
			isa = PBXReferenceProxy;
			fileType = archive.ar;
			path = libThree20UI.a;
			remoteRef = D478B93711DD3144000E85D1 /* PBXContainerItemProxy */;
			sourceTree = BUILT_PRODUCTS_DIR;
		};
		D478B93A11DD3144000E85D1 /* UnitTests.octest */ = {
			isa = PBXReferenceProxy;
			fileType = wrapper.cfbundle;
			path = UnitTests.octest;
			remoteRef = D478B93911DD3144000E85D1 /* PBXContainerItemProxy */;
			sourceTree = BUILT_PRODUCTS_DIR;
		};
/* End PBXReferenceProxy section */

/* Begin PBXResourcesBuildPhase section */
		1D60588D0D05DD3D006BFB54 /* Resources */ = {
			isa = PBXResourcesBuildPhase;
			buildActionMask = 2147483647;
			files = (
				D478B95711DD3212000E85D1 /* Three20.bundle in Resources */,
				22382362125839040000D21F /* Localizable.strings in Resources */,
				22FC975112587B7B00C4E836 /* favorite.png in Resources */,
				22FC975212587B7B00C4E836 /* messages.png in Resources */,
				22FC975312587B7B00C4E836 /* news.png in Resources */,
				22FC975412587B7B00C4E836 /* twitter.png in Resources */,
			);
			runOnlyForDeploymentPostprocessing = 0;
		};
/* End PBXResourcesBuildPhase section */

/* Begin PBXSourcesBuildPhase section */
		1D60588E0D05DD3D006BFB54 /* Sources */ = {
			isa = PBXSourcesBuildPhase;
			buildActionMask = 2147483647;
			files = (
				1D60589B0D05DD56006BFB54 /* main.m in Sources */,
				1D3623260D0F684500981E51 /* EBAppDelegate.m in Sources */,
				D478B81311DD2E3E000E85D1 /* NSArray+BSJSONAdditions.m in Sources */,
				D478B81411DD2E3E000E85D1 /* NSDictionary+BSJSONAdditions.m in Sources */,
				D478B81511DD2E3E000E85D1 /* NSScanner+BSJSONAdditions.m in Sources */,
				D478B81611DD2E3E000E85D1 /* NSString+BSJSONAdditions.m in Sources */,
				D478B81711DD2E3E000E85D1 /* BSJSONEncoder.m in Sources */,
				D478B82711DD2E67000E85D1 /* LFHTTPRequest.m in Sources */,
				D478B82811DD2E67000E85D1 /* LFSiteReachability.m in Sources */,
				D478B82911DD2E67000E85D1 /* NSData+LFHTTPFormExtensions.m in Sources */,
				D478B87C11DD2F59000E85D1 /* ObjectiveJEye.m in Sources */,
				D478B87D11DD2F59000E85D1 /* ObjectiveJEye+PrivateMethods.m in Sources */,
				D4381AAB11E107100062FE45 /* EBLoginViewController.m in Sources */,
				D4381B2D11E10F170062FE45 /* ZBAlert.m in Sources */,
				D44E7EB81211C10C001B9DBC /* EBTimelineViewController.m in Sources */,
				D44E7EC71211C14D001B9DBC /* EBTimelineItem.m in Sources */,
				D44E7F061211C49C001B9DBC /* EBTimelineCell.m in Sources */,
				D44E7F661211CD41001B9DBC /* EBTimelineDataSource.m in Sources */,
				D44E7F7E1211D1C7001B9DBC /* EBTimelineModel.m in Sources */,
				D44E85F61212624B001B9DBC /* EBTabbarController.m in Sources */,
				D44E864B1212653A001B9DBC /* EBMyJEyeViewController.m in Sources */,
				D44E865212126599001B9DBC /* EBMyJEyeModel.m in Sources */,
				D44E884A121283BE001B9DBC /* EBPrivatePlurksViewController.m in Sources */,
				D44E885312128402001B9DBC /* EBPrivatePlurksModel.m in Sources */,
				D44E8876121286C2001B9DBC /* BERespondedPlurksViewController.m in Sources */,
				D44E888012128716001B9DBC /* EBRespondedPlurksModel.m in Sources */,
				2247632D1253A1F600FDF745 /* NSData+Base64.m in Sources */,
				222A4F961256000400CD8B0D /* JEUser.m in Sources */,
			);
			runOnlyForDeploymentPostprocessing = 0;
		};
/* End PBXSourcesBuildPhase section */

/* Begin PBXTargetDependency section */
		D478B94811DD31F9000E85D1 /* PBXTargetDependency */ = {
			isa = PBXTargetDependency;
			name = Three20UICommon;
			targetProxy = D478B94711DD31F9000E85D1 /* PBXContainerItemProxy */;
		};
		D478B94A11DD31F9000E85D1 /* PBXTargetDependency */ = {
			isa = PBXTargetDependency;
			name = Three20Style;
			targetProxy = D478B94911DD31F9000E85D1 /* PBXContainerItemProxy */;
		};
		D478B94C11DD31F9000E85D1 /* PBXTargetDependency */ = {
			isa = PBXTargetDependency;
			name = Three20Network;
			targetProxy = D478B94B11DD31F9000E85D1 /* PBXContainerItemProxy */;
		};
		D478B94E11DD31F9000E85D1 /* PBXTargetDependency */ = {
			isa = PBXTargetDependency;
			name = Three20UINavigator;
			targetProxy = D478B94D11DD31F9000E85D1 /* PBXContainerItemProxy */;
		};
		D478B95011DD31F9000E85D1 /* PBXTargetDependency */ = {
			isa = PBXTargetDependency;
			name = Three20Core;
			targetProxy = D478B94F11DD31F9000E85D1 /* PBXContainerItemProxy */;
		};
		D478B95211DD31F9000E85D1 /* PBXTargetDependency */ = {
			isa = PBXTargetDependency;
			name = Three20UI;
			targetProxy = D478B95111DD31F9000E85D1 /* PBXContainerItemProxy */;
		};
		D478B95411DD31F9000E85D1 /* PBXTargetDependency */ = {
			isa = PBXTargetDependency;
			name = Three20;
			targetProxy = D478B95311DD31F9000E85D1 /* PBXContainerItemProxy */;
		};
/* End PBXTargetDependency section */

/* Begin PBXVariantGroup section */
		22382360125839040000D21F /* Localizable.strings */ = {
			isa = PBXVariantGroup;
			children = (
				22382363125839530000D21F /* en */,
				2238237C12583A1C0000D21F /* zh_cn */,
			);
			name = Localizable.strings;
			sourceTree = "<group>";
		};
/* End PBXVariantGroup section */

/* Begin XCBuildConfiguration section */
		1D6058940D05DD3E006BFB54 /* Debug */ = {
			isa = XCBuildConfiguration;
			buildSettings = {
				ALWAYS_SEARCH_USER_PATHS = NO;
				COPY_PHASE_STRIP = NO;
				GCC_DYNAMIC_NO_PIC = NO;
				GCC_OPTIMIZATION_LEVEL = 0;
				GCC_PRECOMPILE_PREFIX_HEADER = YES;
				GCC_PREFIX_HEADER = ExplosiveBanana_Prefix.pch;
				HEADER_SEARCH_PATHS = ExternalLibraries/Three20/Build/Products/three20;
				INFOPLIST_FILE = "ExplosiveBanana-Info.plist";
				IPHONEOS_DEPLOYMENT_TARGET = 3.0;
				OTHER_LDFLAGS = (
					"-lstdc++",
					"-all_load",
					"-ObjC",
				);
				PRODUCT_NAME = ExplosiveBanana;
			};
			name = Debug;
		};
		1D6058950D05DD3E006BFB54 /* Release */ = {
			isa = XCBuildConfiguration;
			buildSettings = {
				ALWAYS_SEARCH_USER_PATHS = NO;
				COPY_PHASE_STRIP = YES;
				GCC_PRECOMPILE_PREFIX_HEADER = YES;
				GCC_PREFIX_HEADER = ExplosiveBanana_Prefix.pch;
				HEADER_SEARCH_PATHS = ExternalLibraries/Three20/Build/Products/three20;
				INFOPLIST_FILE = "ExplosiveBanana-Info.plist";
				IPHONEOS_DEPLOYMENT_TARGET = 3.0;
				OTHER_LDFLAGS = (
					"-all_load",
					"-ObjC",
				);
				PRODUCT_NAME = ExplosiveBanana;
				VALIDATE_PRODUCT = YES;
			};
			name = Release;
		};
		C01FCF4F08A954540054247B /* Debug */ = {
			isa = XCBuildConfiguration;
			buildSettings = {
				ARCHS = "$(ARCHS_STANDARD_32_BIT)";
				"CODE_SIGN_IDENTITY[sdk=iphoneos*]" = "iPhone Developer";
				GCC_C_LANGUAGE_STANDARD = c99;
				GCC_WARN_ABOUT_RETURN_TYPE = YES;
				GCC_WARN_UNUSED_VARIABLE = YES;
				PREBINDING = NO;
				SDKROOT = iphoneos4.0;
			};
			name = Debug;
		};
		C01FCF5008A954540054247B /* Release */ = {
			isa = XCBuildConfiguration;
			buildSettings = {
				ARCHS = "$(ARCHS_STANDARD_32_BIT)";
				"CODE_SIGN_IDENTITY[sdk=iphoneos*]" = "iPhone Developer";
				GCC_C_LANGUAGE_STANDARD = c99;
				GCC_WARN_ABOUT_RETURN_TYPE = YES;
				GCC_WARN_UNUSED_VARIABLE = YES;
				OTHER_CFLAGS = "-DNS_BLOCK_ASSERTIONS=1";
				PREBINDING = NO;
				SDKROOT = iphoneos4.0;
			};
			name = Release;
		};
/* End XCBuildConfiguration section */

/* Begin XCConfigurationList section */
		1D6058960D05DD3E006BFB54 /* Build configuration list for PBXNativeTarget "ExplosiveBanana" */ = {
			isa = XCConfigurationList;
			buildConfigurations = (
				1D6058940D05DD3E006BFB54 /* Debug */,
				1D6058950D05DD3E006BFB54 /* Release */,
			);
			defaultConfigurationIsVisible = 0;
			defaultConfigurationName = Release;
		};
		C01FCF4E08A954540054247B /* Build configuration list for PBXProject "javaeye-iphone" */ = {
			isa = XCConfigurationList;
			buildConfigurations = (
				C01FCF4F08A954540054247B /* Debug */,
				C01FCF5008A954540054247B /* Release */,
			);
			defaultConfigurationIsVisible = 0;
			defaultConfigurationName = Release;
		};
/* End XCConfigurationList section */
	};
	rootObject = 29B97313FDCFA39411CA2CEA /* Project object */;
}
